
Microsoft Visual Studio Solution File, Format Version 12.00
# Visual Studio Version 17
VisualStudioVersion = 17.9.34723.18
MinimumVisualStudioVersion = 10.0.40219.1
Project("{FAE04EC0-301F-11D3-BF4B-00C04F79EFBC}") = "WeatherAppTZ", "WeatherAppTZ\WeatherAppTZ.csproj", "{B2B7C5DD-087C-4621-BCA2-4CCD7EB099FE}"
EndProject
Project("{FAE04EC0-301F-11D3-BF4B-00C04F79EFBC}") = "Weather.DataAccess", "Weather.DataAccess\Weather.DataAccess.csproj", "{75566D16-CD86-473B-BBA5-065718041DF7}"
EndProject
Global
	GlobalSection(SolutionConfigurationPlatforms) = preSolution
		Debug|Any CPU = Debug|Any CPU
		Release|Any CPU = Release|Any CPU
	EndGlobalSection
	GlobalSection(ProjectConfigurationPlatforms) = postSolution
		{B2B7C5DD-087C-4621-BCA2-4CCD7EB099FE}.Debug|Any CPU.ActiveCfg = Debug|Any CPU
		{B2B7C5DD-087C-4621-BCA2-4CCD7EB099FE}.Debug|Any CPU.Build.0 = Debug|Any CPU
		{B2B7C5DD-087C-4621-BCA2-4CCD7EB099FE}.Release|Any CPU.ActiveCfg = Release|Any CPU
		{B2B7C5DD-087C-4621-BCA2-4CCD7EB099FE}.Release|Any CPU.Build.0 = Release|Any CPU
		{75566D16-CD86-473B-BBA5-065718041DF7}.Debug|Any CPU.ActiveCfg = Debug|Any CPU
		{75566D16-CD86-473B-BBA5-065718041DF7}.Debug|Any CPU.Build.0 = Debug|Any CPU
		{75566D16-CD86-473B-BBA5-065718041DF7}.Release|Any CPU.ActiveCfg = Release|Any CPU
		{75566D16-CD86-473B-BBA5-065718041DF7}.Release|Any CPU.Build.0 = Release|Any CPU
	EndGlobalSection
	GlobalSection(SolutionProperties) = preSolution
		HideSolutionNode = FALSE
	EndGlobalSection
	GlobalSection(ExtensibilityGlobals) = postSolution
		SolutionGuid = {D854F144-D845-4F26-A666-2435B1D9E79D}
	EndGlobalSection
EndGlobal
